# This file is autogenerated, do not edit; changes may be undone by the next 'dep ensure'.


[[projects]]
  name = "github.com/antonholmquist/jason"
  packages = ["."]
  revision = "c23cef7eaa75a6a5b8810120e167bd590d8fd2ab"
  version = "v1.0.0"

[[projects]]
  name = "github.com/rs/cors"
  packages = ["."]
  revision = "7af7a1e09ba336d2ea14b1ce73bf693c6837dbf6"
  version = "v1.2"

[solve-meta]
  analyzer-name = "dep"
  analyzer-version = 1
  inputs-digest = "887188a00ee6b4dc168c1090f6b7f0375c3e0291e07e146c0d4d256cd914b53c"
  solver-name = "gps-cdcl"
  solver-version = 1
